
Microsoft Visual Studio Solution File, Format Version 12.00
# Visual Studio Version 17
VisualStudioVersion = 17.11.35327.3
MinimumVisualStudioVersion = 10.0.40219.1
Project("{FAE04EC0-301F-11D3-BF4B-00C04F79EFBC}") = "inmemorydb", "inmemorydb\inmemorydb.csproj", "{0EB15D86-BC0D-4277-9686-7B28641E736B}"
EndProject
Global
	GlobalSection(SolutionConfigurationPlatforms) = preSolution
		Debug|Any CPU = Debug|Any CPU
		Release|Any CPU = Release|Any CPU
	EndGlobalSection
	GlobalSection(ProjectConfigurationPlatforms) = postSolution
		{0EB15D86-BC0D-4277-9686-7B28641E736B}.Debug|Any CPU.ActiveCfg = Debug|Any CPU
		{0EB15D86-BC0D-4277-9686-7B28641E736B}.Debug|Any CPU.Build.0 = Debug|Any CPU
		{0EB15D86-BC0D-4277-9686-7B28641E736B}.Release|Any CPU.ActiveCfg = Release|Any CPU
		{0EB15D86-BC0D-4277-9686-7B28641E736B}.Release|Any CPU.Build.0 = Release|Any CPU
	EndGlobalSection
	GlobalSection(SolutionProperties) = preSolution
		HideSolutionNode = FALSE
	EndGlobalSection
	GlobalSection(ExtensibilityGlobals) = postSolution
		SolutionGuid = {913FFBAE-0A1E-482F-9AB7-734055AEEE0E}
	EndGlobalSection
EndGlobal
